
Microsoft Visual Studio Solution File, Format Version 12.00
# Visual Studio Version 17
VisualStudioVersion = 17.11.35208.52
MinimumVisualStudioVersion = 10.0.40219.1
Project("{FAE04EC0-301F-11D3-BF4B-00C04F79EFBC}") = "BookingSystem", "BookingSystem.csproj", "{419A88E9-1003-4707-A170-BDCE5268F3C4}"
EndProject
Global
	GlobalSection(SolutionConfigurationPlatforms) = preSolution
		Debug|Any CPU = Debug|Any CPU
		Release|Any CPU = Release|Any CPU
	EndGlobalSection
	GlobalSection(ProjectConfigurationPlatforms) = postSolution
		{419A88E9-1003-4707-A170-BDCE5268F3C4}.Debug|Any CPU.ActiveCfg = Debug|Any CPU
		{419A88E9-1003-4707-A170-BDCE5268F3C4}.Debug|Any CPU.Build.0 = Debug|Any CPU
		{419A88E9-1003-4707-A170-BDCE5268F3C4}.Release|Any CPU.ActiveCfg = Release|Any CPU
		{419A88E9-1003-4707-A170-BDCE5268F3C4}.Release|Any CPU.Build.0 = Release|Any CPU
	EndGlobalSection
	GlobalSection(SolutionProperties) = preSolution
		HideSolutionNode = FALSE
	EndGlobalSection
	GlobalSection(ExtensibilityGlobals) = postSolution
		SolutionGuid = {1160640E-179D-4C3A-8C44-A40B5A7AAE94}
	EndGlobalSection
EndGlobal
